{
  "requires": true,
  "lockfileVersion": 1,
  "dependencies": {
    "@babel/runtime": {
      "version": "7.6.3",
      "resolved": "https://registry.npm.taobao.org/@babel/runtime/download/@babel/runtime-7.6.3.tgz?cache=0&sync_timestamp=1570565315026&other_urls=https%3A%2F%2Fregistry.npm.taobao.org%2F%40babel%2Fruntime%2Fdownload%2F%40babel%2Fruntime-7.6.3.tgz",
      "integrity": "sha1-k1Eix0xz0iQMr9Mt21/Cps01zx8=",
      "requires": {
        "regenerator-runtime": "^0.13.2"
      }
    },
    "@vant/icons": {
      "version": "1.1.14",
      "resolved": "https://registry.npm.taobao.org/@vant/icons/download/@vant/icons-1.1.14.tgz?cache=0&other_urls=https%3A%2F%2Fregistry.npm.taobao.org%2F%40vant%2Ficons%2Fdownload%2F%40vant%2Ficons-1.1.14.tgz",
      "integrity": "sha1-dt+3vgVfmIddcDr1mmIWU5wyqM0="
    },
    "@vue/babel-helper-vue-jsx-merge-props": {
      "version": "1.0.0",
      "resolved": "https://registry.npm.taobao.org/@vue/babel-helper-vue-jsx-merge-props/download/@vue/babel-helper-vue-jsx-merge-props-1.0.0.tgz",
      "integrity": "sha1-BI/leZWNpAj7eosqPsBQtQpmEEA="
    },
    "mand-mobile": {
      "version": "2.5.3",
      "resolved": "https://registry.npm.taobao.org/mand-mobile/download/mand-mobile-2.5.3.tgz",
      "integrity": "sha1-09hxOa2cqi0vLvj47MKHoomK+KM="
    },
    "regenerator-runtime": {
      "version": "0.13.3",
      "resolved": "https://registry.npm.taobao.org/regenerator-runtime/download/regenerator-runtime-0.13.3.tgz",
      "integrity": "sha1-fPanfY9cb2Drc8X8GVWyzrAea/U="
    },
    "vant": {
      "version": "2.2.8",
      "resolved": "https://registry.npm.taobao.org/vant/download/vant-2.2.8.tgz?cache=0&sync_timestamp=1571296116269&other_urls=https%3A%2F%2Fregistry.npm.taobao.org%2Fvant%2Fdownload%2Fvant-2.2.8.tgz",
      "integrity": "sha1-IMiXETJff3/UEr/OSUH6rRdAbRY=",
      "requires": {
        "@babel/runtime": "7.x",
        "@vant/icons": "1.1.14",
        "@vue/babel-helper-vue-jsx-merge-props": "^1.0.0",
        "vue-lazyload": "1.2.3"
      }
    },
    "vue-lazyload": {
      "version": "1.2.3",
      "resolved": "https://registry.npm.taobao.org/vue-lazyload/download/vue-lazyload-1.2.3.tgz?cache=0&sync_timestamp=1568801961628&other_urls=https%3A%2F%2Fregistry.npm.taobao.org%2Fvue-lazyload%2Fdownload%2Fvue-lazyload-1.2.3.tgz",
      "integrity": "sha1-kB+ewVx+bKeHgaK65KNDaGve2yw="
    }
  }
}
